// !$*UTF8*$!
{
	archiveVersion = 1;
	classes = {
	};
	objectVersion = 51;
	objects = {

/* Begin PBXBuildFile section */
		2727416F23E6144A00B2100B /* SplashViewController.swift in Sources */ = {isa = PBXBuildFile; fileRef = 2727416E23E6144A00B2100B /* SplashViewController.swift */; };
		2727419323E62CB900B2100B /* Game.storyboard in Resources */ = {isa = PBXBuildFile; fileRef = 2727419223E62CB900B2100B /* Game.storyboard */; };
		27D5413123E5E46800CB5065 /* AppDelegate.swift in Sources */ = {isa = PBXBuildFile; fileRef = 27D5413023E5E46800CB5065 /* AppDelegate.swift */; };
		27D5413523E5E46800CB5065 /* ViewController.swift in Sources */ = {isa = PBXBuildFile; fileRef = 27D5413423E5E46800CB5065 /* ViewController.swift */; };
		27D5413823E5E46800CB5065 /* Main.storyboard in Resources */ = {isa = PBXBuildFile; fileRef = 27D5413623E5E46800CB5065 /* Main.storyboard */; };
		27D5413A23E5E46B00CB5065 /* Assets.xcassets in Resources */ = {isa = PBXBuildFile; fileRef = 27D5413923E5E46B00CB5065 /* Assets.xcassets */; };
		27D5413D23E5E46B00CB5065 /* LaunchScreen.storyboard in Resources */ = {isa = PBXBuildFile; fileRef = 27D5413B23E5E46B00CB5065 /* LaunchScreen.storyboard */; };
		27EA804F23EA86B300C937EE /* Opponent.swift in Sources */ = {isa = PBXBuildFile; fileRef = 27EA804E23EA86B300C937EE /* Opponent.swift */; };
		27EA805123EBEB3900C937EE /* GameModel.swift in Sources */ = {isa = PBXBuildFile; fileRef = 27EA805023EBEB3900C937EE /* GameModel.swift */; };
		27EA805323ECF3C700C937EE /* GameKit.framework in Frameworks */ = {isa = PBXBuildFile; fileRef = 27EA805223ECF3C700C937EE /* GameKit.framework */; };
		27EA805823EE111800C937EE /* ViewController+GADBanner.swift in Sources */ = {isa = PBXBuildFile; fileRef = 27EA805723EE111700C937EE /* ViewController+GADBanner.swift */; };
		27EA805A23EE43C000C937EE /* Extensions.swift in Sources */ = {isa = PBXBuildFile; fileRef = 27EA805923EE43C000C937EE /* Extensions.swift */; };
		27F3EDE323E7E4800057248B /* GameClock.swift in Sources */ = {isa = PBXBuildFile; fileRef = 27F3EDE223E7E4800057248B /* GameClock.swift */; };
		27F9198D23E691DA00FA0E18 /* Player.swift in Sources */ = {isa = PBXBuildFile; fileRef = 27F9198C23E691DA00FA0E18 /* Player.swift */; };
		95FB8F89E41826C67D4E881B /* Pods_TheGame.framework in Frameworks */ = {isa = PBXBuildFile; fileRef = 5000D4E827B48E53E9DB3B0D /* Pods_TheGame.framework */; };
/* End PBXBuildFile section */

/* Begin PBXFileReference section */
		175FA88876A0311A3569B334 /* Pods-TheGame.release.xcconfig */ = {isa = PBXFileReference; includeInIndex = 1; lastKnownFileType = text.xcconfig; name = "Pods-TheGame.release.xcconfig"; path = "Target Support Files/Pods-TheGame/Pods-TheGame.release.xcconfig"; sourceTree = "<group>"; };
		2727416E23E6144A00B2100B /* SplashViewController.swift */ = {isa = PBXFileReference; lastKnownFileType = sourcecode.swift; path = SplashViewController.swift; sourceTree = "<group>"; };
		2727419223E62CB900B2100B /* Game.storyboard */ = {isa = PBXFileReference; lastKnownFileType = file.storyboard; name = Game.storyboard; path = TheGame/Base.lproj/Game.storyboard; sourceTree = SOURCE_ROOT; };
		27D5412D23E5E46800CB5065 /* TheGame.app */ = {isa = PBXFileReference; explicitFileType = wrapper.application; includeInIndex = 0; path = TheGame.app; sourceTree = BUILT_PRODUCTS_DIR; };
		27D5413023E5E46800CB5065 /* AppDelegate.swift */ = {isa = PBXFileReference; lastKnownFileType = sourcecode.swift; path = AppDelegate.swift; sourceTree = "<group>"; };
		27D5413423E5E46800CB5065 /* ViewController.swift */ = {isa = PBXFileReference; lastKnownFileType = sourcecode.swift; path = ViewController.swift; sourceTree = "<group>"; };
		27D5413723E5E46800CB5065 /* Base */ = {isa = PBXFileReference; lastKnownFileType = file.storyboard; name = Base; path = Base.lproj/Main.storyboard; sourceTree = "<group>"; };
		27D5413923E5E46B00CB5065 /* Assets.xcassets */ = {isa = PBXFileReference; lastKnownFileType = folder.assetcatalog; path = Assets.xcassets; sourceTree = "<group>"; };
		27D5413C23E5E46B00CB5065 /* Base */ = {isa = PBXFileReference; lastKnownFileType = file.storyboard; name = Base; path = Base.lproj/LaunchScreen.storyboard; sourceTree = "<group>"; };
		27D5413E23E5E46B00CB5065 /* Info.plist */ = {isa = PBXFileReference; lastKnownFileType = text.plist.xml; path = Info.plist; sourceTree = "<group>"; };
		27EA804E23EA86B300C937EE /* Opponent.swift */ = {isa = PBXFileReference; lastKnownFileType = sourcecode.swift; path = Opponent.swift; sourceTree = "<group>"; };
		27EA805023EBEB3900C937EE /* GameModel.swift */ = {isa = PBXFileReference; lastKnownFileType = sourcecode.swift; path = GameModel.swift; sourceTree = "<group>"; };
		27EA805223ECF3C700C937EE /* GameKit.framework */ = {isa = PBXFileReference; lastKnownFileType = wrapper.framework; name = GameKit.framework; path = System/Library/Frameworks/GameKit.framework; sourceTree = SDKROOT; };
		27EA805423ECF3D100C937EE /* TheGame.entitlements */ = {isa = PBXFileReference; lastKnownFileType = text.plist.entitlements; path = TheGame.entitlements; sourceTree = "<group>"; };
		27EA805723EE111700C937EE /* ViewController+GADBanner.swift */ = {isa = PBXFileReference; lastKnownFileType = sourcecode.swift; path = "ViewController+GADBanner.swift"; sourceTree = "<group>"; };
		27EA805923EE43C000C937EE /* Extensions.swift */ = {isa = PBXFileReference; lastKnownFileType = sourcecode.swift; path = Extensions.swift; sourceTree = "<group>"; };
		27F3EDE223E7E4800057248B /* GameClock.swift */ = {isa = PBXFileReference; lastKnownFileType = sourcecode.swift; path = GameClock.swift; sourceTree = "<group>"; };
		27F9198C23E691DA00FA0E18 /* Player.swift */ = {isa = PBXFileReference; lastKnownFileType = sourcecode.swift; path = Player.swift; sourceTree = "<group>"; };
		5000D4E827B48E53E9DB3B0D /* Pods_TheGame.framework */ = {isa = PBXFileReference; explicitFileType = wrapper.framework; includeInIndex = 0; path = Pods_TheGame.framework; sourceTree = BUILT_PRODUCTS_DIR; };
		B89E85AF6C5A2673EC2F7855 /* Pods-TheGame.debug.xcconfig */ = {isa = PBXFileReference; includeInIndex = 1; lastKnownFileType = text.xcconfig; name = "Pods-TheGame.debug.xcconfig"; path = "Target Support Files/Pods-TheGame/Pods-TheGame.debug.xcconfig"; sourceTree = "<group>"; };
/* End PBXFileReference section */

/* Begin PBXFrameworksBuildPhase section */
		27D5412A23E5E46800CB5065 /* Frameworks */ = {
			isa = PBXFrameworksBuildPhase;
			buildActionMask = 2147483647;
			files = (
				95FB8F89E41826C67D4E881B /* Pods_TheGame.framework in Frameworks */,
				27EA805323ECF3C700C937EE /* GameKit.framework in Frameworks */,
			);
			runOnlyForDeploymentPostprocessing = 0;
		};
/* End PBXFrameworksBuildPhase section */

/* Begin PBXGroup section */
		27D5412423E5E46800CB5065 = {
			isa = PBXGroup;
			children = (
				27D5412F23E5E46800CB5065 /* TheGame */,
				27D5412E23E5E46800CB5065 /* Products */,
				502EA7C1A30E981C45183748 /* Pods */,
				8647C989555159F5F681787B /* Frameworks */,
			);
			sourceTree = "<group>";
		};
		27D5412E23E5E46800CB5065 /* Products */ = {
			isa = PBXGroup;
			children = (
				27D5412D23E5E46800CB5065 /* TheGame.app */,
			);
			name = Products;
			sourceTree = "<group>";
		};
		27D5412F23E5E46800CB5065 /* TheGame */ = {
			isa = PBXGroup;
			children = (
				27EA805423ECF3D100C937EE /* TheGame.entitlements */,
				27EA805923EE43C000C937EE /* Extensions.swift */,
				27D5413023E5E46800CB5065 /* AppDelegate.swift */,
				2727416E23E6144A00B2100B /* SplashViewController.swift */,
				2727419223E62CB900B2100B /* Game.storyboard */,
				27D5413623E5E46800CB5065 /* Main.storyboard */,
				27D5413B23E5E46B00CB5065 /* LaunchScreen.storyboard */,
				27D5413923E5E46B00CB5065 /* Assets.xcassets */,
				27D5413E23E5E46B00CB5065 /* Info.plist */,
				27D5413423E5E46800CB5065 /* ViewController.swift */,
				27EA805723EE111700C937EE /* ViewController+GADBanner.swift */,
				27F9198C23E691DA00FA0E18 /* Player.swift */,
				27EA804E23EA86B300C937EE /* Opponent.swift */,
				27F3EDE223E7E4800057248B /* GameClock.swift */,
				27EA805023EBEB3900C937EE /* GameModel.swift */,
			);
			path = TheGame;
			sourceTree = "<group>";
		};
		502EA7C1A30E981C45183748 /* Pods */ = {
			isa = PBXGroup;
			children = (
				B89E85AF6C5A2673EC2F7855 /* Pods-TheGame.debug.xcconfig */,
				175FA88876A0311A3569B334 /* Pods-TheGame.release.xcconfig */,
			);
			path = Pods;
			sourceTree = "<group>";
		};
		8647C989555159F5F681787B /* Frameworks */ = {
			isa = PBXGroup;
			children = (
				27EA805223ECF3C700C937EE /* GameKit.framework */,
				5000D4E827B48E53E9DB3B0D /* Pods_TheGame.framework */,
			);
			name = Frameworks;
			sourceTree = "<group>";
		};
/* End PBXGroup section */

/* Begin PBXNativeTarget section */
		27D5412C23E5E46800CB5065 /* TheGame */ = {
			isa = PBXNativeTarget;
			buildConfigurationList = 27D5414123E5E46B00CB5065 /* Build configuration list for PBXNativeTarget "TheGame" */;
			buildPhases = (
				899FE3868B0913C12BB5F223 /* [CP] Check Pods Manifest.lock */,
				27D5412923E5E46800CB5065 /* Sources */,
				27D5412A23E5E46800CB5065 /* Frameworks */,
				27D5412B23E5E46800CB5065 /* Resources */,
				F14334859263E766A56B8FF8 /* [CP] Embed Pods Frameworks */,
			);
			buildRules = (
			);
			dependencies = (
			);
			name = TheGame;
			productName = TheGame;
			productReference = 27D5412D23E5E46800CB5065 /* TheGame.app */;
			productType = "com.apple.product-type.application";
		};
/* End PBXNativeTarget section */

/* Begin PBXProject section */
		27D5412523E5E46800CB5065 /* Project object */ = {
			isa = PBXProject;
			attributes = {
				LastSwiftUpdateCheck = 1130;
				LastUpgradeCheck = 1130;
				ORGANIZATIONNAME = VMWishes;
				TargetAttributes = {
					27D5412C23E5E46800CB5065 = {
						CreatedOnToolsVersion = 11.3.1;
					};
				};
			};
			buildConfigurationList = 27D5412823E5E46800CB5065 /* Build configuration list for PBXProject "TheGame" */;
			compatibilityVersion = "Xcode 9.3";
			developmentRegion = en;
			hasScannedForEncodings = 0;
			knownRegions = (
				en,
				Base,
			);
			mainGroup = 27D5412423E5E46800CB5065;
			productRefGroup = 27D5412E23E5E46800CB5065 /* Products */;
			projectDirPath = "";
			projectRoot = "";
			targets = (
				27D5412C23E5E46800CB5065 /* TheGame */,
			);
		};
/* End PBXProject section */

/* Begin PBXResourcesBuildPhase section */
		27D5412B23E5E46800CB5065 /* Resources */ = {
			isa = PBXResourcesBuildPhase;
			buildActionMask = 2147483647;
			files = (
				2727419323E62CB900B2100B /* Game.storyboard in Resources */,
				27D5413D23E5E46B00CB5065 /* LaunchScreen.storyboard in Resources */,
				27D5413A23E5E46B00CB5065 /* Assets.xcassets in Resources */,
				27D5413823E5E46800CB5065 /* Main.storyboard in Resources */,
			);
			runOnlyForDeploymentPostprocessing = 0;
		};
/* End PBXResourcesBuildPhase section */

/* Begin PBXShellScriptBuildPhase section */
		899FE3868B0913C12BB5F223 /* [CP] Check Pods Manifest.lock */ = {
			isa = PBXShellScriptBuildPhase;
			buildActionMask = 2147483647;
			files = (
			);
			inputFileListPaths = (
			);
			inputPaths = (
				"${PODS_PODFILE_DIR_PATH}/Podfile.lock",
				"${PODS_ROOT}/Manifest.lock",
			);
			name = "[CP] Check Pods Manifest.lock";
			outputFileListPaths = (
			);
			outputPaths = (
				"$(DERIVED_FILE_DIR)/Pods-TheGame-checkManifestLockResult.txt",
			);
			runOnlyForDeploymentPostprocessing = 0;
			shellPath = /bin/sh;
			shellScript = "diff \"${PODS_PODFILE_DIR_PATH}/Podfile.lock\" \"${PODS_ROOT}/Manifest.lock\" > /dev/null\nif [ $? != 0 ] ; then\n    # print error to STDERR\n    echo \"error: The sandbox is not in sync with the Podfile.lock. Run 'pod install' or update your CocoaPods installation.\" >&2\n    exit 1\nfi\n# This output is used by Xcode 'outputs' to avoid re-running this script phase.\necho \"SUCCESS\" > \"${SCRIPT_OUTPUT_FILE_0}\"\n";
			showEnvVarsInLog = 0;
		};
		F14334859263E766A56B8FF8 /* [CP] Embed Pods Frameworks */ = {
			isa = PBXShellScriptBuildPhase;
			buildActionMask = 2147483647;
			files = (
			);
			inputFileListPaths = (
				"${PODS_ROOT}/Target Support Files/Pods-TheGame/Pods-TheGame-frameworks-${CONFIGURATION}-input-files.xcfilelist",
			);
			name = "[CP] Embed Pods Frameworks";
			outputFileListPaths = (
				"${PODS_ROOT}/Target Support Files/Pods-TheGame/Pods-TheGame-frameworks-${CONFIGURATION}-output-files.xcfilelist",
			);
			runOnlyForDeploymentPostprocessing = 0;
			shellPath = /bin/sh;
			shellScript = "\"${PODS_ROOT}/Target Support Files/Pods-TheGame/Pods-TheGame-frameworks.sh\"\n";
			showEnvVarsInLog = 0;
		};
/* End PBXShellScriptBuildPhase section */

/* Begin PBXSourcesBuildPhase section */
		27D5412923E5E46800CB5065 /* Sources */ = {
			isa = PBXSourcesBuildPhase;
			buildActionMask = 2147483647;
			files = (
				27F3EDE323E7E4800057248B /* GameClock.swift in Sources */,
				27EA805A23EE43C000C937EE /* Extensions.swift in Sources */,
				27F9198D23E691DA00FA0E18 /* Player.swift in Sources */,
				27EA804F23EA86B300C937EE /* Opponent.swift in Sources */,
				2727416F23E6144A00B2100B /* SplashViewController.swift in Sources */,
				27EA805123EBEB3900C937EE /* GameModel.swift in Sources */,
				27D5413523E5E46800CB5065 /* ViewController.swift in Sources */,
				27D5413123E5E46800CB5065 /* AppDelegate.swift in Sources */,
				27EA805823EE111800C937EE /* ViewController+GADBanner.swift in Sources */,
			);
			runOnlyForDeploymentPostprocessing = 0;
		};
/* End PBXSourcesBuildPhase section */

/* Begin PBXVariantGroup section */
		27D5413623E5E46800CB5065 /* Main.storyboard */ = {
			isa = PBXVariantGroup;
			children = (
				27D5413723E5E46800CB5065 /* Base */,
			);
			name = Main.storyboard;
			sourceTree = "<group>";
		};
		27D5413B23E5E46B00CB5065 /* LaunchScreen.storyboard */ = {
			isa = PBXVariantGroup;
			children = (
				27D5413C23E5E46B00CB5065 /* Base */,
			);
			name = LaunchScreen.storyboard;
			sourceTree = "<group>";
		};
/* End PBXVariantGroup section */

/* Begin XCBuildConfiguration section */
		27D5413F23E5E46B00CB5065 /* Debug */ = {
			isa = XCBuildConfiguration;
			buildSettings = {
				ALWAYS_SEARCH_USER_PATHS = NO;
				CLANG_ANALYZER_NONNULL = YES;
				CLANG_ANALYZER_NUMBER_OBJECT_CONVERSION = YES_AGGRESSIVE;
				CLANG_CXX_LANGUAGE_STANDARD = "gnu++14";
				CLANG_CXX_LIBRARY = "libc++";
				CLANG_ENABLE_MODULES = YES;
				CLANG_ENABLE_OBJC_ARC = YES;
				CLANG_ENABLE_OBJC_WEAK = YES;
				CLANG_WARN_BLOCK_CAPTURE_AUTORELEASING = YES;
				CLANG_WARN_BOOL_CONVERSION = YES;
				CLANG_WARN_COMMA = YES;
				CLANG_WARN_CONSTANT_CONVERSION = YES;
				CLANG_WARN_DEPRECATED_OBJC_IMPLEMENTATIONS = YES;
				CLANG_WARN_DIRECT_OBJC_ISA_USAGE = YES_ERROR;
				CLANG_WARN_DOCUMENTATION_COMMENTS = YES;
				CLANG_WARN_EMPTY_BODY = YES;
				CLANG_WARN_ENUM_CONVERSION = YES;
				CLANG_WARN_INFINITE_RECURSION = YES;
				CLANG_WARN_INT_CONVERSION = YES;
				CLANG_WARN_NON_LITERAL_NULL_CONVERSION = YES;
				CLANG_WARN_OBJC_IMPLICIT_RETAIN_SELF = YES;
				CLANG_WARN_OBJC_LITERAL_CONVERSION = YES;
				CLANG_WARN_OBJC_ROOT_CLASS = YES_ERROR;
				CLANG_WARN_RANGE_LOOP_ANALYSIS = YES;
				CLANG_WARN_STRICT_PROTOTYPES = YES;
				CLANG_WARN_SUSPICIOUS_MOVE = YES;
				CLANG_WARN_UNGUARDED_AVAILABILITY = YES_AGGRESSIVE;
				CLANG_WARN_UNREACHABLE_CODE = YES;
				CLANG_WARN__DUPLICATE_METHOD_MATCH = YES;
				COPY_PHASE_STRIP = NO;
				DEBUG_INFORMATION_FORMAT = dwarf;
				ENABLE_STRICT_OBJC_MSGSEND = YES;
				ENABLE_TESTABILITY = YES;
				GCC_C_LANGUAGE_STANDARD = gnu11;
				GCC_DYNAMIC_NO_PIC = NO;
				GCC_NO_COMMON_BLOCKS = YES;
				GCC_OPTIMIZATION_LEVEL = 0;
				GCC_PREPROCESSOR_DEFINITIONS = (
					"DEBUG=1",
					"$(inherited)",
				);
				GCC_WARN_64_TO_32_BIT_CONVERSION = YES;
				GCC_WARN_ABOUT_RETURN_TYPE = YES_ERROR;
				GCC_WARN_UNDECLARED_SELECTOR = YES;
				GCC_WARN_UNINITIALIZED_AUTOS = YES_AGGRESSIVE;
				GCC_WARN_UNUSED_FUNCTION = YES;
				GCC_WARN_UNUSED_VARIABLE = YES;
				IPHONEOS_DEPLOYMENT_TARGET = 12.0;
				MTL_ENABLE_DEBUG_INFO = INCLUDE_SOURCE;
				MTL_FAST_MATH = YES;
				ONLY_ACTIVE_ARCH = YES;
				SDKROOT = iphoneos;
				SWIFT_ACTIVE_COMPILATION_CONDITIONS = DEBUG;
				SWIFT_OPTIMIZATION_LEVEL = "-Onone";
			};
			name = Debug;
		};
		27D5414023E5E46B00CB5065 /* Release */ = {
			isa = XCBuildConfiguration;
			buildSettings = {
				ALWAYS_SEARCH_USER_PATHS = NO;
				CLANG_ANALYZER_NONNULL = YES;
				CLANG_ANALYZER_NUMBER_OBJECT_CONVERSION = YES_AGGRESSIVE;
				CLANG_CXX_LANGUAGE_STANDARD = "gnu++14";
				CLANG_CXX_LIBRARY = "libc++";
				CLANG_ENABLE_MODULES = YES;
				CLANG_ENABLE_OBJC_ARC = YES;
				CLANG_ENABLE_OBJC_WEAK = YES;
				CLANG_WARN_BLOCK_CAPTURE_AUTORELEASING = YES;
				CLANG_WARN_BOOL_CONVERSION = YES;
				CLANG_WARN_COMMA = YES;
				CLANG_WARN_CONSTANT_CONVERSION = YES;
				CLANG_WARN_DEPRECATED_OBJC_IMPLEMENTATIONS = YES;
				CLANG_WARN_DIRECT_OBJC_ISA_USAGE = YES_ERROR;
				CLANG_WARN_DOCUMENTATION_COMMENTS = YES;
				CLANG_WARN_EMPTY_BODY = YES;
				CLANG_WARN_ENUM_CONVERSION = YES;
				CLANG_WARN_INFINITE_RECURSION = YES;
				CLANG_WARN_INT_CONVERSION = YES;
				CLANG_WARN_NON_LITERAL_NULL_CONVERSION = YES;
				CLANG_WARN_OBJC_IMPLICIT_RETAIN_SELF = YES;
				CLANG_WARN_OBJC_LITERAL_CONVERSION = YES;
				CLANG_WARN_OBJC_ROOT_CLASS = YES_ERROR;
				CLANG_WARN_RANGE_LOOP_ANALYSIS = YES;
				CLANG_WARN_STRICT_PROTOTYPES = YES;
				CLANG_WARN_SUSPICIOUS_MOVE = YES;
				CLANG_WARN_UNGUARDED_AVAILABILITY = YES_AGGRESSIVE;
				CLANG_WARN_UNREACHABLE_CODE = YES;
				CLANG_WARN__DUPLICATE_METHOD_MATCH = YES;
				COPY_PHASE_STRIP = NO;
				DEBUG_INFORMATION_FORMAT = "dwarf-with-dsym";
				ENABLE_NS_ASSERTIONS = NO;
				ENABLE_STRICT_OBJC_MSGSEND = YES;
				GCC_C_LANGUAGE_STANDARD = gnu11;
				GCC_NO_COMMON_BLOCKS = YES;
				GCC_WARN_64_TO_32_BIT_CONVERSION = YES;
				GCC_WARN_ABOUT_RETURN_TYPE = YES_ERROR;
				GCC_WARN_UNDECLARED_SELECTOR = YES;
				GCC_WARN_UNINITIALIZED_AUTOS = YES_AGGRESSIVE;
				GCC_WARN_UNUSED_FUNCTION = YES;
				GCC_WARN_UNUSED_VARIABLE = YES;
				IPHONEOS_DEPLOYMENT_TARGET = 12.0;
				MTL_ENABLE_DEBUG_INFO = NO;
				MTL_FAST_MATH = YES;
				SDKROOT = iphoneos;
				SWIFT_COMPILATION_MODE = wholemodule;
				SWIFT_OPTIMIZATION_LEVEL = "-O";
				VALIDATE_PRODUCT = YES;
			};
			name = Release;
		};
		27D5414223E5E46B00CB5065 /* Debug */ = {
			isa = XCBuildConfiguration;
			baseConfigurationReference = B89E85AF6C5A2673EC2F7855 /* Pods-TheGame.debug.xcconfig */;
			buildSettings = {
				ASSETCATALOG_COMPILER_APPICON_NAME = AppIcon;
				CODE_SIGN_ENTITLEMENTS = TheGame/TheGame.entitlements;
				CODE_SIGN_STYLE = Automatic;
				DEVELOPMENT_TEAM = 642SNV9NK2;
				INFOPLIST_FILE = TheGame/Info.plist;
				IPHONEOS_DEPLOYMENT_TARGET = 12.0;
				LD_RUNPATH_SEARCH_PATHS = (
					"$(inherited)",
					"@executable_path/Frameworks",
				);
				PRODUCT_BUNDLE_IDENTIFIER = com.vmwishes.TheGame;
				PRODUCT_NAME = "$(TARGET_NAME)";
				SWIFT_VERSION = 5.0;
				TARGETED_DEVICE_FAMILY = 1;
			};
			name = Debug;
		};
		27D5414323E5E46B00CB5065 /* Release */ = {
			isa = XCBuildConfiguration;
			baseConfigurationReference = 175FA88876A0311A3569B334 /* Pods-TheGame.release.xcconfig */;
			buildSettings = {
				ASSETCATALOG_COMPILER_APPICON_NAME = AppIcon;
				CODE_SIGN_ENTITLEMENTS = TheGame/TheGame.entitlements;
				CODE_SIGN_STYLE = Automatic;
				DEVELOPMENT_TEAM = 642SNV9NK2;
				INFOPLIST_FILE = TheGame/Info.plist;
				IPHONEOS_DEPLOYMENT_TARGET = 12.0;
				LD_RUNPATH_SEARCH_PATHS = (
					"$(inherited)",
					"@executable_path/Frameworks",
				);
				PRODUCT_BUNDLE_IDENTIFIER = com.vmwishes.TheGame;
				PRODUCT_NAME = "$(TARGET_NAME)";
				SWIFT_VERSION = 5.0;
				TARGETED_DEVICE_FAMILY = 1;
			};
			name = Release;
		};
/* End XCBuildConfiguration section */

/* Begin XCConfigurationList section */
		27D5412823E5E46800CB5065 /* Build configuration list for PBXProject "TheGame" */ = {
			isa = XCConfigurationList;
			buildConfigurations = (
				27D5413F23E5E46B00CB5065 /* Debug */,
				27D5414023E5E46B00CB5065 /* Release */,
			);
			defaultConfigurationIsVisible = 0;
			defaultConfigurationName = Release;
		};
		27D5414123E5E46B00CB5065 /* Build configuration list for PBXNativeTarget "TheGame" */ = {
			isa = XCConfigurationList;
			buildConfigurations = (
				27D5414223E5E46B00CB5065 /* Debug */,
				27D5414323E5E46B00CB5065 /* Release */,
			);
			defaultConfigurationIsVisible = 0;
			defaultConfigurationName = Release;
		};
/* End XCConfigurationList section */
	};
	rootObject = 27D5412523E5E46800CB5065 /* Project object */;
}
