// !$*UTF8*$!
{
	archiveVersion = 1;
	classes = {
	};
	objectVersion = 52;
	objects = {

/* Begin PBXBuildFile section */
		271D007D24147048003B15A1 /* LoginTextField.swift in Sources */ = {isa = PBXBuildFile; fileRef = 271D007C24147048003B15A1 /* LoginTextField.swift */; };
		271E562A240E914900F9AC97 /* AuthenticationServices.framework in Frameworks */ = {isa = PBXBuildFile; fileRef = 271E5629240E914800F9AC97 /* AuthenticationServices.framework */; };
		272445D2242E576400700677 /* StartupViewController.swift in Sources */ = {isa = PBXBuildFile; fileRef = 272445D1242E576400700677 /* StartupViewController.swift */; };
		2727416F23E6144A00B2100B /* LoginViewController.swift in Sources */ = {isa = PBXBuildFile; fileRef = 2727416E23E6144A00B2100B /* LoginViewController.swift */; };
		272D02442418940D0044832A /* UIViewController_Spinner.swift in Sources */ = {isa = PBXBuildFile; fileRef = 272D02432418940D0044832A /* UIViewController_Spinner.swift */; };
		275A16052426F2280032432C /* UIViewController_Segues.swift in Sources */ = {isa = PBXBuildFile; fileRef = 275A16042426F2280032432C /* UIViewController_Segues.swift */; };
		276AAB982415446200CF72A4 /* InfoAlert.swift in Sources */ = {isa = PBXBuildFile; fileRef = 276AAB972415446200CF72A4 /* InfoAlert.swift */; };
		277A2BAB2429AFB10022596B /* RootViewController.swift in Sources */ = {isa = PBXBuildFile; fileRef = 277A2BAA2429AFB10022596B /* RootViewController.swift */; };
		27D5413123E5E46800CB5065 /* AppDelegate.swift in Sources */ = {isa = PBXBuildFile; fileRef = 27D5413023E5E46800CB5065 /* AppDelegate.swift */; };
		27D5413523E5E46800CB5065 /* GameViewController.swift in Sources */ = {isa = PBXBuildFile; fileRef = 27D5413423E5E46800CB5065 /* GameViewController.swift */; };
		27D5413823E5E46800CB5065 /* Main.storyboard in Resources */ = {isa = PBXBuildFile; fileRef = 27D5413623E5E46800CB5065 /* Main.storyboard */; };
		27D5413A23E5E46B00CB5065 /* Assets.xcassets in Resources */ = {isa = PBXBuildFile; fileRef = 27D5413923E5E46B00CB5065 /* Assets.xcassets */; };
		27D5413D23E5E46B00CB5065 /* LaunchScreen.storyboard in Resources */ = {isa = PBXBuildFile; fileRef = 27D5413B23E5E46B00CB5065 /* LaunchScreen.storyboard */; };
		27E82FAE240BEA45004DEC8C /* GameServer.swift in Sources */ = {isa = PBXBuildFile; fileRef = 27E82FAD240BEA45004DEC8C /* GameServer.swift */; };
		27E82FB0240BF4FD004DEC8C /* LoginButton.swift in Sources */ = {isa = PBXBuildFile; fileRef = 27E82FAF240BF4FD004DEC8C /* LoginButton.swift */; };
		27E82FB3240C6631004DEC8C /* FacebookLogin in Frameworks */ = {isa = PBXBuildFile; productRef = 27E82FB2240C6631004DEC8C /* FacebookLogin */; };
		27E82FB5240C6631004DEC8C /* FacebookCore in Frameworks */ = {isa = PBXBuildFile; productRef = 27E82FB4240C6631004DEC8C /* FacebookCore */; };
		27E82FB7240D38B2004DEC8C /* CreateAccountViewController.swift in Sources */ = {isa = PBXBuildFile; fileRef = 27E82FB6240D38B1004DEC8C /* CreateAccountViewController.swift */; };
		27E82FBC240D3C4A004DEC8C /* FacebookLoginViewController.swift in Sources */ = {isa = PBXBuildFile; fileRef = 27E82FBB240D3C4A004DEC8C /* FacebookLoginViewController.swift */; };
		27E82FBE240D3C63004DEC8C /* AccountLoginViewController.swift in Sources */ = {isa = PBXBuildFile; fileRef = 27E82FBD240D3C63004DEC8C /* AccountLoginViewController.swift */; };
		27EA804F23EA86B300C937EE /* Opponent.swift in Sources */ = {isa = PBXBuildFile; fileRef = 27EA804E23EA86B300C937EE /* Opponent.swift */; };
		27EA805123EBEB3900C937EE /* GameModel.swift in Sources */ = {isa = PBXBuildFile; fileRef = 27EA805023EBEB3900C937EE /* GameModel.swift */; };
		27EA805823EE111800C937EE /* GameViewController_GADBanner.swift in Sources */ = {isa = PBXBuildFile; fileRef = 27EA805723EE111700C937EE /* GameViewController_GADBanner.swift */; };
		27EA805A23EE43C000C937EE /* Extensions.swift in Sources */ = {isa = PBXBuildFile; fileRef = 27EA805923EE43C000C937EE /* Extensions.swift */; };
		27F3EDE323E7E4800057248B /* GameClock.swift in Sources */ = {isa = PBXBuildFile; fileRef = 27F3EDE223E7E4800057248B /* GameClock.swift */; };
		27F9198D23E691DA00FA0E18 /* Player.swift in Sources */ = {isa = PBXBuildFile; fileRef = 27F9198C23E691DA00FA0E18 /* Player.swift */; };
		27F9247D2426CD6A00BB1B00 /* GamerServerAlert.swift in Sources */ = {isa = PBXBuildFile; fileRef = 27F9247C2426CD6A00BB1B00 /* GamerServerAlert.swift */; };
		27FB8D7A2415E5E2009CAD63 /* ConfirmationAlert.swift in Sources */ = {isa = PBXBuildFile; fileRef = 27FB8D792415E5E2009CAD63 /* ConfirmationAlert.swift */; };
		41F696B1DAD12E4164E4A83D /* Pods_TheGame.framework in Frameworks */ = {isa = PBXBuildFile; fileRef = 04608212D72D75D8391E90C8 /* Pods_TheGame.framework */; };
/* End PBXBuildFile section */

/* Begin PBXFileReference section */
		04608212D72D75D8391E90C8 /* Pods_TheGame.framework */ = {isa = PBXFileReference; explicitFileType = wrapper.framework; includeInIndex = 0; path = Pods_TheGame.framework; sourceTree = BUILT_PRODUCTS_DIR; };
		271D007C24147048003B15A1 /* LoginTextField.swift */ = {isa = PBXFileReference; lastKnownFileType = sourcecode.swift; path = LoginTextField.swift; sourceTree = "<group>"; };
		271E5629240E914800F9AC97 /* AuthenticationServices.framework */ = {isa = PBXFileReference; lastKnownFileType = wrapper.framework; name = AuthenticationServices.framework; path = System/Library/Frameworks/AuthenticationServices.framework; sourceTree = SDKROOT; };
		272445D1242E576400700677 /* StartupViewController.swift */ = {isa = PBXFileReference; lastKnownFileType = sourcecode.swift; path = StartupViewController.swift; sourceTree = "<group>"; };
		2727416E23E6144A00B2100B /* LoginViewController.swift */ = {isa = PBXFileReference; lastKnownFileType = sourcecode.swift; path = LoginViewController.swift; sourceTree = "<group>"; };
		272D02432418940D0044832A /* UIViewController_Spinner.swift */ = {isa = PBXFileReference; lastKnownFileType = sourcecode.swift; path = UIViewController_Spinner.swift; sourceTree = "<group>"; };
		275A16042426F2280032432C /* UIViewController_Segues.swift */ = {isa = PBXFileReference; lastKnownFileType = sourcecode.swift; path = UIViewController_Segues.swift; sourceTree = "<group>"; };
		276AAB972415446200CF72A4 /* InfoAlert.swift */ = {isa = PBXFileReference; lastKnownFileType = sourcecode.swift; path = InfoAlert.swift; sourceTree = "<group>"; };
		277A2BAA2429AFB10022596B /* RootViewController.swift */ = {isa = PBXFileReference; lastKnownFileType = sourcecode.swift; path = RootViewController.swift; sourceTree = "<group>"; };
		27D5412D23E5E46800CB5065 /* TheGame.app */ = {isa = PBXFileReference; explicitFileType = wrapper.application; includeInIndex = 0; path = TheGame.app; sourceTree = BUILT_PRODUCTS_DIR; };
		27D5413023E5E46800CB5065 /* AppDelegate.swift */ = {isa = PBXFileReference; lastKnownFileType = sourcecode.swift; path = AppDelegate.swift; sourceTree = "<group>"; };
		27D5413423E5E46800CB5065 /* GameViewController.swift */ = {isa = PBXFileReference; lastKnownFileType = sourcecode.swift; path = GameViewController.swift; sourceTree = "<group>"; };
		27D5413723E5E46800CB5065 /* Base */ = {isa = PBXFileReference; lastKnownFileType = file.storyboard; name = Base; path = Base.lproj/Main.storyboard; sourceTree = "<group>"; };
		27D5413923E5E46B00CB5065 /* Assets.xcassets */ = {isa = PBXFileReference; lastKnownFileType = folder.assetcatalog; path = Assets.xcassets; sourceTree = "<group>"; };
		27D5413C23E5E46B00CB5065 /* Base */ = {isa = PBXFileReference; lastKnownFileType = file.storyboard; name = Base; path = Base.lproj/LaunchScreen.storyboard; sourceTree = "<group>"; };
		27D5413E23E5E46B00CB5065 /* Info.plist */ = {isa = PBXFileReference; lastKnownFileType = text.plist.xml; path = Info.plist; sourceTree = "<group>"; };
		27E82FAD240BEA45004DEC8C /* GameServer.swift */ = {isa = PBXFileReference; lastKnownFileType = sourcecode.swift; path = GameServer.swift; sourceTree = "<group>"; };
		27E82FAF240BF4FD004DEC8C /* LoginButton.swift */ = {isa = PBXFileReference; lastKnownFileType = sourcecode.swift; path = LoginButton.swift; sourceTree = "<group>"; };
		27E82FB6240D38B1004DEC8C /* CreateAccountViewController.swift */ = {isa = PBXFileReference; lastKnownFileType = sourcecode.swift; path = CreateAccountViewController.swift; sourceTree = "<group>"; };
		27E82FBB240D3C4A004DEC8C /* FacebookLoginViewController.swift */ = {isa = PBXFileReference; lastKnownFileType = sourcecode.swift; path = FacebookLoginViewController.swift; sourceTree = "<group>"; };
		27E82FBD240D3C63004DEC8C /* AccountLoginViewController.swift */ = {isa = PBXFileReference; lastKnownFileType = sourcecode.swift; path = AccountLoginViewController.swift; sourceTree = "<group>"; };
		27EA804E23EA86B300C937EE /* Opponent.swift */ = {isa = PBXFileReference; lastKnownFileType = sourcecode.swift; path = Opponent.swift; sourceTree = "<group>"; };
		27EA805023EBEB3900C937EE /* GameModel.swift */ = {isa = PBXFileReference; lastKnownFileType = sourcecode.swift; path = GameModel.swift; sourceTree = "<group>"; };
		27EA805423ECF3D100C937EE /* TheGame.entitlements */ = {isa = PBXFileReference; lastKnownFileType = text.plist.entitlements; path = TheGame.entitlements; sourceTree = "<group>"; };
		27EA805723EE111700C937EE /* GameViewController_GADBanner.swift */ = {isa = PBXFileReference; lastKnownFileType = sourcecode.swift; path = GameViewController_GADBanner.swift; sourceTree = "<group>"; };
		27EA805923EE43C000C937EE /* Extensions.swift */ = {isa = PBXFileReference; lastKnownFileType = sourcecode.swift; path = Extensions.swift; sourceTree = "<group>"; };
		27F3EDE223E7E4800057248B /* GameClock.swift */ = {isa = PBXFileReference; lastKnownFileType = sourcecode.swift; path = GameClock.swift; sourceTree = "<group>"; };
		27F9198C23E691DA00FA0E18 /* Player.swift */ = {isa = PBXFileReference; lastKnownFileType = sourcecode.swift; path = Player.swift; sourceTree = "<group>"; };
		27F9247C2426CD6A00BB1B00 /* GamerServerAlert.swift */ = {isa = PBXFileReference; lastKnownFileType = sourcecode.swift; path = GamerServerAlert.swift; sourceTree = "<group>"; };
		27FB8D792415E5E2009CAD63 /* ConfirmationAlert.swift */ = {isa = PBXFileReference; lastKnownFileType = sourcecode.swift; path = ConfirmationAlert.swift; sourceTree = "<group>"; };
		4451D3FFCB40324BCB3097DB /* Pods-TheGame.release.xcconfig */ = {isa = PBXFileReference; includeInIndex = 1; lastKnownFileType = text.xcconfig; name = "Pods-TheGame.release.xcconfig"; path = "Target Support Files/Pods-TheGame/Pods-TheGame.release.xcconfig"; sourceTree = "<group>"; };
		AFCD8377F35807C044F6ABA7 /* Pods-TheGame.debug.xcconfig */ = {isa = PBXFileReference; includeInIndex = 1; lastKnownFileType = text.xcconfig; name = "Pods-TheGame.debug.xcconfig"; path = "Target Support Files/Pods-TheGame/Pods-TheGame.debug.xcconfig"; sourceTree = "<group>"; };
/* End PBXFileReference section */

/* Begin PBXFrameworksBuildPhase section */
		27D5412A23E5E46800CB5065 /* Frameworks */ = {
			isa = PBXFrameworksBuildPhase;
			buildActionMask = 2147483647;
			files = (
				271E562A240E914900F9AC97 /* AuthenticationServices.framework in Frameworks */,
				27E82FB3240C6631004DEC8C /* FacebookLogin in Frameworks */,
				27E82FB5240C6631004DEC8C /* FacebookCore in Frameworks */,
				41F696B1DAD12E4164E4A83D /* Pods_TheGame.framework in Frameworks */,
			);
			runOnlyForDeploymentPostprocessing = 0;
		};
/* End PBXFrameworksBuildPhase section */

/* Begin PBXGroup section */
		0EE2BAC009085B025D30398C /* Frameworks */ = {
			isa = PBXGroup;
			children = (
				271E5629240E914800F9AC97 /* AuthenticationServices.framework */,
				04608212D72D75D8391E90C8 /* Pods_TheGame.framework */,
			);
			name = Frameworks;
			sourceTree = "<group>";
		};
		271D007E24147059003B15A1 /* UIElements */ = {
			isa = PBXGroup;
			children = (
				27E82FAF240BF4FD004DEC8C /* LoginButton.swift */,
				271D007C24147048003B15A1 /* LoginTextField.swift */,
				27FB8D792415E5E2009CAD63 /* ConfirmationAlert.swift */,
				272D02432418940D0044832A /* UIViewController_Spinner.swift */,
				275A16042426F2280032432C /* UIViewController_Segues.swift */,
			);
			path = UIElements;
			sourceTree = "<group>";
		};
		271E5626240E224C00F9AC97 /* Support Classes */ = {
			isa = PBXGroup;
			children = (
				27EA805923EE43C000C937EE /* Extensions.swift */,
			);
			path = "Support Classes";
			sourceTree = "<group>";
		};
		272445D0242E486C00700677 /* PopupAlerts */ = {
			isa = PBXGroup;
			children = (
				276AAB972415446200CF72A4 /* InfoAlert.swift */,
				27F9247C2426CD6A00BB1B00 /* GamerServerAlert.swift */,
			);
			path = PopupAlerts;
			sourceTree = "<group>";
		};
		27D5412423E5E46800CB5065 = {
			isa = PBXGroup;
			children = (
				27D5412F23E5E46800CB5065 /* TheGame */,
				27D5412E23E5E46800CB5065 /* Products */,
				502EA7C1A30E981C45183748 /* Pods */,
				0EE2BAC009085B025D30398C /* Frameworks */,
			);
			sourceTree = "<group>";
		};
		27D5412E23E5E46800CB5065 /* Products */ = {
			isa = PBXGroup;
			children = (
				27D5412D23E5E46800CB5065 /* TheGame.app */,
			);
			name = Products;
			sourceTree = "<group>";
		};
		27D5412F23E5E46800CB5065 /* TheGame */ = {
			isa = PBXGroup;
			children = (
				27EA805423ECF3D100C937EE /* TheGame.entitlements */,
				27D5413E23E5E46B00CB5065 /* Info.plist */,
				27D5413023E5E46800CB5065 /* AppDelegate.swift */,
				27D5413923E5E46B00CB5065 /* Assets.xcassets */,
				271E5626240E224C00F9AC97 /* Support Classes */,
				27E82FB9240D3B9E004DEC8C /* Boards */,
				271D007E24147059003B15A1 /* UIElements */,
				272445D0242E486C00700677 /* PopupAlerts */,
				27E82FB8240D3B82004DEC8C /* ViewControllers */,
				27E82FBA240D3C06004DEC8C /* GameElements */,
			);
			path = TheGame;
			sourceTree = "<group>";
		};
		27E82FB8240D3B82004DEC8C /* ViewControllers */ = {
			isa = PBXGroup;
			children = (
				272445D1242E576400700677 /* StartupViewController.swift */,
				2727416E23E6144A00B2100B /* LoginViewController.swift */,
				27EA805723EE111700C937EE /* GameViewController_GADBanner.swift */,
				27E82FB6240D38B1004DEC8C /* CreateAccountViewController.swift */,
				27E82FBB240D3C4A004DEC8C /* FacebookLoginViewController.swift */,
				27E82FBD240D3C63004DEC8C /* AccountLoginViewController.swift */,
				27D5413423E5E46800CB5065 /* GameViewController.swift */,
			);
			path = ViewControllers;
			sourceTree = "<group>";
		};
		27E82FB9240D3B9E004DEC8C /* Boards */ = {
			isa = PBXGroup;
			children = (
				27D5413B23E5E46B00CB5065 /* LaunchScreen.storyboard */,
				27D5413623E5E46800CB5065 /* Main.storyboard */,
				277A2BAA2429AFB10022596B /* RootViewController.swift */,
			);
			path = Boards;
			sourceTree = "<group>";
		};
		27E82FBA240D3C06004DEC8C /* GameElements */ = {
			isa = PBXGroup;
			children = (
				27F9198C23E691DA00FA0E18 /* Player.swift */,
				27EA804E23EA86B300C937EE /* Opponent.swift */,
				27F3EDE223E7E4800057248B /* GameClock.swift */,
				27EA805023EBEB3900C937EE /* GameModel.swift */,
				27E82FAD240BEA45004DEC8C /* GameServer.swift */,
			);
			path = GameElements;
			sourceTree = "<group>";
		};
		502EA7C1A30E981C45183748 /* Pods */ = {
			isa = PBXGroup;
			children = (
				AFCD8377F35807C044F6ABA7 /* Pods-TheGame.debug.xcconfig */,
				4451D3FFCB40324BCB3097DB /* Pods-TheGame.release.xcconfig */,
			);
			path = Pods;
			sourceTree = "<group>";
		};
/* End PBXGroup section */

/* Begin PBXNativeTarget section */
		27D5412C23E5E46800CB5065 /* TheGame */ = {
			isa = PBXNativeTarget;
			buildConfigurationList = 27D5414123E5E46B00CB5065 /* Build configuration list for PBXNativeTarget "TheGame" */;
			buildPhases = (
				802A1A845693C113C04A507A /* [CP] Check Pods Manifest.lock */,
				27D5412923E5E46800CB5065 /* Sources */,
				27D5412A23E5E46800CB5065 /* Frameworks */,
				27D5412B23E5E46800CB5065 /* Resources */,
				47F8ED93175774AB9E697133 /* [CP] Embed Pods Frameworks */,
			);
			buildRules = (
			);
			dependencies = (
			);
			name = TheGame;
			packageProductDependencies = (
				27E82FB2240C6631004DEC8C /* FacebookLogin */,
				27E82FB4240C6631004DEC8C /* FacebookCore */,
			);
			productName = TheGame;
			productReference = 27D5412D23E5E46800CB5065 /* TheGame.app */;
			productType = "com.apple.product-type.application";
		};
/* End PBXNativeTarget section */

/* Begin PBXProject section */
		27D5412523E5E46800CB5065 /* Project object */ = {
			isa = PBXProject;
			attributes = {
				LastSwiftUpdateCheck = 1130;
				LastUpgradeCheck = 1130;
				ORGANIZATIONNAME = VMWishes;
				TargetAttributes = {
					27D5412C23E5E46800CB5065 = {
						CreatedOnToolsVersion = 11.3.1;
					};
				};
			};
			buildConfigurationList = 27D5412823E5E46800CB5065 /* Build configuration list for PBXProject "TheGame" */;
			compatibilityVersion = "Xcode 9.3";
			developmentRegion = en;
			hasScannedForEncodings = 0;
			knownRegions = (
				en,
				Base,
			);
			mainGroup = 27D5412423E5E46800CB5065;
			packageReferences = (
				27E82FB1240C6631004DEC8C /* XCRemoteSwiftPackageReference "facebook-ios-sdk" */,
			);
			productRefGroup = 27D5412E23E5E46800CB5065 /* Products */;
			projectDirPath = "";
			projectRoot = "";
			targets = (
				27D5412C23E5E46800CB5065 /* TheGame */,
			);
		};
/* End PBXProject section */

/* Begin PBXResourcesBuildPhase section */
		27D5412B23E5E46800CB5065 /* Resources */ = {
			isa = PBXResourcesBuildPhase;
			buildActionMask = 2147483647;
			files = (
				27D5413D23E5E46B00CB5065 /* LaunchScreen.storyboard in Resources */,
				27D5413A23E5E46B00CB5065 /* Assets.xcassets in Resources */,
				27D5413823E5E46800CB5065 /* Main.storyboard in Resources */,
			);
			runOnlyForDeploymentPostprocessing = 0;
		};
/* End PBXResourcesBuildPhase section */

/* Begin PBXShellScriptBuildPhase section */
		47F8ED93175774AB9E697133 /* [CP] Embed Pods Frameworks */ = {
			isa = PBXShellScriptBuildPhase;
			buildActionMask = 2147483647;
			files = (
			);
			inputFileListPaths = (
				"${PODS_ROOT}/Target Support Files/Pods-TheGame/Pods-TheGame-frameworks-${CONFIGURATION}-input-files.xcfilelist",
			);
			name = "[CP] Embed Pods Frameworks";
			outputFileListPaths = (
				"${PODS_ROOT}/Target Support Files/Pods-TheGame/Pods-TheGame-frameworks-${CONFIGURATION}-output-files.xcfilelist",
			);
			runOnlyForDeploymentPostprocessing = 0;
			shellPath = /bin/sh;
			shellScript = "\"${PODS_ROOT}/Target Support Files/Pods-TheGame/Pods-TheGame-frameworks.sh\"\n";
			showEnvVarsInLog = 0;
		};
		802A1A845693C113C04A507A /* [CP] Check Pods Manifest.lock */ = {
			isa = PBXShellScriptBuildPhase;
			buildActionMask = 2147483647;
			files = (
			);
			inputFileListPaths = (
			);
			inputPaths = (
				"${PODS_PODFILE_DIR_PATH}/Podfile.lock",
				"${PODS_ROOT}/Manifest.lock",
			);
			name = "[CP] Check Pods Manifest.lock";
			outputFileListPaths = (
			);
			outputPaths = (
				"$(DERIVED_FILE_DIR)/Pods-TheGame-checkManifestLockResult.txt",
			);
			runOnlyForDeploymentPostprocessing = 0;
			shellPath = /bin/sh;
			shellScript = "diff \"${PODS_PODFILE_DIR_PATH}/Podfile.lock\" \"${PODS_ROOT}/Manifest.lock\" > /dev/null\nif [ $? != 0 ] ; then\n    # print error to STDERR\n    echo \"error: The sandbox is not in sync with the Podfile.lock. Run 'pod install' or update your CocoaPods installation.\" >&2\n    exit 1\nfi\n# This output is used by Xcode 'outputs' to avoid re-running this script phase.\necho \"SUCCESS\" > \"${SCRIPT_OUTPUT_FILE_0}\"\n";
			showEnvVarsInLog = 0;
		};
/* End PBXShellScriptBuildPhase section */

/* Begin PBXSourcesBuildPhase section */
		27D5412923E5E46800CB5065 /* Sources */ = {
			isa = PBXSourcesBuildPhase;
			buildActionMask = 2147483647;
			files = (
				27F3EDE323E7E4800057248B /* GameClock.swift in Sources */,
				271D007D24147048003B15A1 /* LoginTextField.swift in Sources */,
				27E82FBE240D3C63004DEC8C /* AccountLoginViewController.swift in Sources */,
				277A2BAB2429AFB10022596B /* RootViewController.swift in Sources */,
				27FB8D7A2415E5E2009CAD63 /* ConfirmationAlert.swift in Sources */,
				27E82FB0240BF4FD004DEC8C /* LoginButton.swift in Sources */,
				27F9247D2426CD6A00BB1B00 /* GamerServerAlert.swift in Sources */,
				27EA805A23EE43C000C937EE /* Extensions.swift in Sources */,
				272D02442418940D0044832A /* UIViewController_Spinner.swift in Sources */,
				27E82FAE240BEA45004DEC8C /* GameServer.swift in Sources */,
				27F9198D23E691DA00FA0E18 /* Player.swift in Sources */,
				27E82FB7240D38B2004DEC8C /* CreateAccountViewController.swift in Sources */,
				275A16052426F2280032432C /* UIViewController_Segues.swift in Sources */,
				27EA804F23EA86B300C937EE /* Opponent.swift in Sources */,
				272445D2242E576400700677 /* StartupViewController.swift in Sources */,
				27E82FBC240D3C4A004DEC8C /* FacebookLoginViewController.swift in Sources */,
				2727416F23E6144A00B2100B /* LoginViewController.swift in Sources */,
				276AAB982415446200CF72A4 /* InfoAlert.swift in Sources */,
				27EA805123EBEB3900C937EE /* GameModel.swift in Sources */,
				27D5413523E5E46800CB5065 /* GameViewController.swift in Sources */,
				27D5413123E5E46800CB5065 /* AppDelegate.swift in Sources */,
				27EA805823EE111800C937EE /* GameViewController_GADBanner.swift in Sources */,
			);
			runOnlyForDeploymentPostprocessing = 0;
		};
/* End PBXSourcesBuildPhase section */

/* Begin PBXVariantGroup section */
		27D5413623E5E46800CB5065 /* Main.storyboard */ = {
			isa = PBXVariantGroup;
			children = (
				27D5413723E5E46800CB5065 /* Base */,
			);
			name = Main.storyboard;
			sourceTree = "<group>";
		};
		27D5413B23E5E46B00CB5065 /* LaunchScreen.storyboard */ = {
			isa = PBXVariantGroup;
			children = (
				27D5413C23E5E46B00CB5065 /* Base */,
			);
			name = LaunchScreen.storyboard;
			sourceTree = "<group>";
		};
/* End PBXVariantGroup section */

/* Begin XCBuildConfiguration section */
		27D5413F23E5E46B00CB5065 /* Debug */ = {
			isa = XCBuildConfiguration;
			buildSettings = {
				ALWAYS_SEARCH_USER_PATHS = NO;
				CLANG_ANALYZER_NONNULL = YES;
				CLANG_ANALYZER_NUMBER_OBJECT_CONVERSION = YES_AGGRESSIVE;
				CLANG_CXX_LANGUAGE_STANDARD = "gnu++14";
				CLANG_CXX_LIBRARY = "libc++";
				CLANG_ENABLE_MODULES = YES;
				CLANG_ENABLE_OBJC_ARC = YES;
				CLANG_ENABLE_OBJC_WEAK = YES;
				CLANG_WARN_BLOCK_CAPTURE_AUTORELEASING = YES;
				CLANG_WARN_BOOL_CONVERSION = YES;
				CLANG_WARN_COMMA = YES;
				CLANG_WARN_CONSTANT_CONVERSION = YES;
				CLANG_WARN_DEPRECATED_OBJC_IMPLEMENTATIONS = YES;
				CLANG_WARN_DIRECT_OBJC_ISA_USAGE = YES_ERROR;
				CLANG_WARN_DOCUMENTATION_COMMENTS = YES;
				CLANG_WARN_EMPTY_BODY = YES;
				CLANG_WARN_ENUM_CONVERSION = YES;
				CLANG_WARN_INFINITE_RECURSION = YES;
				CLANG_WARN_INT_CONVERSION = YES;
				CLANG_WARN_NON_LITERAL_NULL_CONVERSION = YES;
				CLANG_WARN_OBJC_IMPLICIT_RETAIN_SELF = YES;
				CLANG_WARN_OBJC_LITERAL_CONVERSION = YES;
				CLANG_WARN_OBJC_ROOT_CLASS = YES_ERROR;
				CLANG_WARN_RANGE_LOOP_ANALYSIS = YES;
				CLANG_WARN_STRICT_PROTOTYPES = YES;
				CLANG_WARN_SUSPICIOUS_MOVE = YES;
				CLANG_WARN_UNGUARDED_AVAILABILITY = YES_AGGRESSIVE;
				CLANG_WARN_UNREACHABLE_CODE = YES;
				CLANG_WARN__DUPLICATE_METHOD_MATCH = YES;
				COPY_PHASE_STRIP = NO;
				DEBUG_INFORMATION_FORMAT = dwarf;
				ENABLE_STRICT_OBJC_MSGSEND = YES;
				ENABLE_TESTABILITY = YES;
				GCC_C_LANGUAGE_STANDARD = gnu11;
				GCC_DYNAMIC_NO_PIC = NO;
				GCC_NO_COMMON_BLOCKS = YES;
				GCC_OPTIMIZATION_LEVEL = 0;
				GCC_PREPROCESSOR_DEFINITIONS = (
					"DEBUG=1",
					"$(inherited)",
				);
				GCC_WARN_64_TO_32_BIT_CONVERSION = YES;
				GCC_WARN_ABOUT_RETURN_TYPE = YES_ERROR;
				GCC_WARN_UNDECLARED_SELECTOR = YES;
				GCC_WARN_UNINITIALIZED_AUTOS = YES_AGGRESSIVE;
				GCC_WARN_UNUSED_FUNCTION = YES;
				GCC_WARN_UNUSED_VARIABLE = YES;
				IPHONEOS_DEPLOYMENT_TARGET = 13.0;
				MTL_ENABLE_DEBUG_INFO = INCLUDE_SOURCE;
				MTL_FAST_MATH = YES;
				ONLY_ACTIVE_ARCH = YES;
				SDKROOT = iphoneos;
				SWIFT_ACTIVE_COMPILATION_CONDITIONS = DEBUG;
				SWIFT_OPTIMIZATION_LEVEL = "-Onone";
			};
			name = Debug;
		};
		27D5414023E5E46B00CB5065 /* Release */ = {
			isa = XCBuildConfiguration;
			buildSettings = {
				ALWAYS_SEARCH_USER_PATHS = NO;
				CLANG_ANALYZER_NONNULL = YES;
				CLANG_ANALYZER_NUMBER_OBJECT_CONVERSION = YES_AGGRESSIVE;
				CLANG_CXX_LANGUAGE_STANDARD = "gnu++14";
				CLANG_CXX_LIBRARY = "libc++";
				CLANG_ENABLE_MODULES = YES;
				CLANG_ENABLE_OBJC_ARC = YES;
				CLANG_ENABLE_OBJC_WEAK = YES;
				CLANG_WARN_BLOCK_CAPTURE_AUTORELEASING = YES;
				CLANG_WARN_BOOL_CONVERSION = YES;
				CLANG_WARN_COMMA = YES;
				CLANG_WARN_CONSTANT_CONVERSION = YES;
				CLANG_WARN_DEPRECATED_OBJC_IMPLEMENTATIONS = YES;
				CLANG_WARN_DIRECT_OBJC_ISA_USAGE = YES_ERROR;
				CLANG_WARN_DOCUMENTATION_COMMENTS = YES;
				CLANG_WARN_EMPTY_BODY = YES;
				CLANG_WARN_ENUM_CONVERSION = YES;
				CLANG_WARN_INFINITE_RECURSION = YES;
				CLANG_WARN_INT_CONVERSION = YES;
				CLANG_WARN_NON_LITERAL_NULL_CONVERSION = YES;
				CLANG_WARN_OBJC_IMPLICIT_RETAIN_SELF = YES;
				CLANG_WARN_OBJC_LITERAL_CONVERSION = YES;
				CLANG_WARN_OBJC_ROOT_CLASS = YES_ERROR;
				CLANG_WARN_RANGE_LOOP_ANALYSIS = YES;
				CLANG_WARN_STRICT_PROTOTYPES = YES;
				CLANG_WARN_SUSPICIOUS_MOVE = YES;
				CLANG_WARN_UNGUARDED_AVAILABILITY = YES_AGGRESSIVE;
				CLANG_WARN_UNREACHABLE_CODE = YES;
				CLANG_WARN__DUPLICATE_METHOD_MATCH = YES;
				COPY_PHASE_STRIP = NO;
				DEBUG_INFORMATION_FORMAT = "dwarf-with-dsym";
				ENABLE_NS_ASSERTIONS = NO;
				ENABLE_STRICT_OBJC_MSGSEND = YES;
				GCC_C_LANGUAGE_STANDARD = gnu11;
				GCC_NO_COMMON_BLOCKS = YES;
				GCC_WARN_64_TO_32_BIT_CONVERSION = YES;
				GCC_WARN_ABOUT_RETURN_TYPE = YES_ERROR;
				GCC_WARN_UNDECLARED_SELECTOR = YES;
				GCC_WARN_UNINITIALIZED_AUTOS = YES_AGGRESSIVE;
				GCC_WARN_UNUSED_FUNCTION = YES;
				GCC_WARN_UNUSED_VARIABLE = YES;
				IPHONEOS_DEPLOYMENT_TARGET = 13.0;
				MTL_ENABLE_DEBUG_INFO = NO;
				MTL_FAST_MATH = YES;
				SDKROOT = iphoneos;
				SWIFT_COMPILATION_MODE = wholemodule;
				SWIFT_OPTIMIZATION_LEVEL = "-O";
				VALIDATE_PRODUCT = YES;
			};
			name = Release;
		};
		27D5414223E5E46B00CB5065 /* Debug */ = {
			isa = XCBuildConfiguration;
			baseConfigurationReference = AFCD8377F35807C044F6ABA7 /* Pods-TheGame.debug.xcconfig */;
			buildSettings = {
				ASSETCATALOG_COMPILER_APPICON_NAME = AppIcon;
				CODE_SIGN_ENTITLEMENTS = TheGame/TheGame.entitlements;
				CODE_SIGN_STYLE = Automatic;
				DEVELOPMENT_TEAM = 642SNV9NK2;
				INFOPLIST_FILE = TheGame/Info.plist;
				IPHONEOS_DEPLOYMENT_TARGET = 13.0;
				LD_RUNPATH_SEARCH_PATHS = (
					"$(inherited)",
					"@executable_path/Frameworks",
				);
				PRODUCT_BUNDLE_IDENTIFIER = com.vmwishes.TheGame;
				PRODUCT_NAME = "$(TARGET_NAME)";
				SWIFT_VERSION = 5.0;
				TARGETED_DEVICE_FAMILY = "1,2";
			};
			name = Debug;
		};
		27D5414323E5E46B00CB5065 /* Release */ = {
			isa = XCBuildConfiguration;
			baseConfigurationReference = 4451D3FFCB40324BCB3097DB /* Pods-TheGame.release.xcconfig */;
			buildSettings = {
				ASSETCATALOG_COMPILER_APPICON_NAME = AppIcon;
				CODE_SIGN_ENTITLEMENTS = TheGame/TheGame.entitlements;
				CODE_SIGN_STYLE = Automatic;
				DEVELOPMENT_TEAM = 642SNV9NK2;
				INFOPLIST_FILE = TheGame/Info.plist;
				IPHONEOS_DEPLOYMENT_TARGET = 13.0;
				LD_RUNPATH_SEARCH_PATHS = (
					"$(inherited)",
					"@executable_path/Frameworks",
				);
				PRODUCT_BUNDLE_IDENTIFIER = com.vmwishes.TheGame;
				PRODUCT_NAME = "$(TARGET_NAME)";
				SWIFT_VERSION = 5.0;
				TARGETED_DEVICE_FAMILY = "1,2";
			};
			name = Release;
		};
/* End XCBuildConfiguration section */

/* Begin XCConfigurationList section */
		27D5412823E5E46800CB5065 /* Build configuration list for PBXProject "TheGame" */ = {
			isa = XCConfigurationList;
			buildConfigurations = (
				27D5413F23E5E46B00CB5065 /* Debug */,
				27D5414023E5E46B00CB5065 /* Release */,
			);
			defaultConfigurationIsVisible = 0;
			defaultConfigurationName = Release;
		};
		27D5414123E5E46B00CB5065 /* Build configuration list for PBXNativeTarget "TheGame" */ = {
			isa = XCConfigurationList;
			buildConfigurations = (
				27D5414223E5E46B00CB5065 /* Debug */,
				27D5414323E5E46B00CB5065 /* Release */,
			);
			defaultConfigurationIsVisible = 0;
			defaultConfigurationName = Release;
		};
/* End XCConfigurationList section */

/* Begin XCRemoteSwiftPackageReference section */
		27E82FB1240C6631004DEC8C /* XCRemoteSwiftPackageReference "facebook-ios-sdk" */ = {
			isa = XCRemoteSwiftPackageReference;
			repositoryURL = "https://github.com/facebook/facebook-ios-sdk";
			requirement = {
				kind = upToNextMajorVersion;
				minimumVersion = 6.0.0;
			};
		};
/* End XCRemoteSwiftPackageReference section */

/* Begin XCSwiftPackageProductDependency section */
		27E82FB2240C6631004DEC8C /* FacebookLogin */ = {
			isa = XCSwiftPackageProductDependency;
			package = 27E82FB1240C6631004DEC8C /* XCRemoteSwiftPackageReference "facebook-ios-sdk" */;
			productName = FacebookLogin;
		};
		27E82FB4240C6631004DEC8C /* FacebookCore */ = {
			isa = XCSwiftPackageProductDependency;
			package = 27E82FB1240C6631004DEC8C /* XCRemoteSwiftPackageReference "facebook-ios-sdk" */;
			productName = FacebookCore;
		};
/* End XCSwiftPackageProductDependency section */
	};
	rootObject = 27D5412523E5E46800CB5065 /* Project object */;
}
